<?xml version="1.0" encoding="utf-8"?>
<Project ToolsVersion="4.0" xmlns="http://schemas.microsoft.com/developer/msbuild/2003">
  <ItemGroup>
    <ClCompile Include="Camera.cpp">
      <Filter>Sources</Filter>
    </ClCompile>
    <ClCompile Include="DefferedRenderer.cpp">
      <Filter>Sources</Filter>
    </ClCompile>
    <ClCompile Include="FullscreenQuad.cpp">
      <Filter>Sources</Filter>
    </ClCompile>
    <ClCompile Include="GameObject.cpp">
      <Filter>Sources</Filter>
    </ClCompile>
    <ClCompile Include="GameObjectManager.cpp">
      <Filter>Sources</Filter>
    </ClCompile>
    <ClCompile Include="Input.cpp">
      <Filter>Sources</Filter>
    </ClCompile>
    <ClCompile Include="Light.cpp">
      <Filter>Sources</Filter>
    </ClCompile>
    <ClCompile Include="LightManager.cpp">
      <Filter>Sources</Filter>
    </ClCompile>
    <ClCompile Include="Material.cpp">
      <Filter>Sources</Filter>
    </ClCompile>
    <ClCompile Include="Mesh.cpp">
      <Filter>Sources</Filter>
    </ClCompile>
    <ClCompile Include="Model.cpp">
      <Filter>Sources</Filter>
    </ClCompile>
    <ClCompile Include="Shader.cpp">
      <Filter>Sources</Filter>
    </ClCompile>
    <ClCompile Include="Window.cpp">
      <Filter>Sources</Filter>
    </ClCompile>
    <ClCompile Include="GlowEffect.cpp">
      <Filter>Sources</Filter>
    </ClCompile>
    <ClCompile Include="FullscreenQuad.cpp">
      <Filter>Source Files</Filter>
    </ClCompile>
    <ClCompile Include="main.cpp" />
    <ClCompile Include="ShadowMap.cpp">
      <Filter>Sources</Filter>
    </ClCompile>
    <ClCompile Include="Vertex.cpp">
      <Filter>Sources</Filter>
    </ClCompile>
    <ClCompile Include="ObjFile.cpp">
      <Filter>Sources</Filter>
    </ClCompile>
    <ClCompile Include="MtlFile.cpp">
      <Filter>Sources</Filter>
    </ClCompile>
    <ClCompile Include="FileLoader.cpp">
      <Filter>Sources</Filter>
    </ClCompile>
    <ClCompile Include="SSAO.cpp">
      <Filter>Sources</Filter>
    </ClCompile>
    <ClCompile Include="GaussianBlur.cpp">
      <Filter>Sources</Filter>
    </ClCompile>
    <ClCompile Include="libs\glad-4.5-core\src\glad.c" />
  </ItemGroup>
  <ItemGroup>
    <ClInclude Include="Camera.h">
      <Filter>Headers</Filter>
    </ClInclude>
    <ClInclude Include="DefferedRenderer.h">
      <Filter>Headers</Filter>
    </ClInclude>
    <ClInclude Include="FullscreenQuad.h">
      <Filter>Headers</Filter>
    </ClInclude>
    <ClInclude Include="GameObject.h">
      <Filter>Headers</Filter>
    </ClInclude>
    <ClInclude Include="GameObjectManager.h">
      <Filter>Headers</Filter>
    </ClInclude>
    <ClInclude Include="Input.h">
      <Filter>Headers</Filter>
    </ClInclude>
    <ClInclude Include="Light.h">
      <Filter>Headers</Filter>
    </ClInclude>
    <ClInclude Include="LightManager.h">
      <Filter>Headers</Filter>
    </ClInclude>
    <ClInclude Include="Material.h">
      <Filter>Headers</Filter>
    </ClInclude>
    <ClInclude Include="Mesh.h">
      <Filter>Headers</Filter>
    </ClInclude>
    <ClInclude Include="Model.h">
      <Filter>Headers</Filter>
    </ClInclude>
    <ClInclude Include="Shader.h">
      <Filter>Headers</Filter>
    </ClInclude>
    <ClInclude Include="Window.h">
      <Filter>Headers</Filter>
    </ClInclude>
    <ClInclude Include="GlowEffect.h">
      <Filter>Headers</Filter>
    </ClInclude>
    <ClInclude Include="FullscreenQuad.h">
      <Filter>Classes\Header Files</Filter>
    </ClInclude>
    <ClInclude Include="ShadowMap.h">
      <Filter>Headers</Filter>
    </ClInclude>
    <ClInclude Include="Vertex.h">
      <Filter>Headers</Filter>
    </ClInclude>
    <ClInclude Include="ObjFile.h">
      <Filter>Headers</Filter>
    </ClInclude>
    <ClInclude Include="MtlFile.h">
      <Filter>Headers</Filter>
    </ClInclude>
    <ClInclude Include="FileLoader.h">
      <Filter>Headers</Filter>
    </ClInclude>
    <ClInclude Include="SSAO.h">
      <Filter>Headers</Filter>
    </ClInclude>
    <ClInclude Include="GaussianBlur.h">
      <Filter>Headers</Filter>
    </ClInclude>
  </ItemGroup>
  <ItemGroup>
    <None Include="shaders\BackfaceCulling.glsl">
      <Filter>Shaders</Filter>
    </None>
    <None Include="shaders\bloom_fin_frag.glsl">
      <Filter>Shaders</Filter>
    </None>
    <None Include="shaders\bloom_light_frag.glsl">
      <Filter>Shaders</Filter>
    </None>
    <None Include="shaders\blur_frag.glsl">
      <Filter>Shaders</Filter>
    </None>
    <None Include="shaders\blur_vertex.glsl">
      <Filter>Shaders</Filter>
    </None>
    <None Include="shaders\GeometryAndBloomShader.frag">
      <Filter>Shaders</Filter>
    </None>
    <None Include="shaders\GeometryPass.frag">
      <Filter>Shaders</Filter>
    </None>
    <None Include="shaders\GeometryPass.vert">
      <Filter>Shaders</Filter>
    </None>
    <None Include="shaders\LightPass.frag">
      <Filter>Shaders</Filter>
    </None>
    <None Include="shaders\LightPass.vert">
      <Filter>Shaders</Filter>
    </None>
    <None Include="shaders\Phong.frag">
      <Filter>Shaders</Filter>
    </None>
    <None Include="shaders\Phong.vert">
      <Filter>Shaders</Filter>
    </None>
    <None Include="shaders\VertexShader.glsl">
      <Filter>Shaders</Filter>
    </None>
    <None Include="shaders\BlurEffect.frag">
      <Filter>Shaders</Filter>
    </None>
    <None Include="shaders\brightnessFragmentShader.glsl">
      <Filter>Shaders</Filter>
    </None>
    <None Include="shaders\FullscreenQuad.vert">
      <Filter>Shaders</Filter>
    </None>
    <None Include="shaders\FullscreenTexture.frag">
      <Filter>Shaders</Filter>
    </None>
    <None Include="shaders\GeometryAndBloomShader.vert">
      <Filter>Shaders</Filter>
    </None>
    <None Include="shaders\GlowExtract.frag">
      <Filter>Shaders</Filter>
    </None>
    <None Include="shaders\GlowExtract.vert">
      <Filter>Shaders</Filter>
    </None>
    <None Include="shaders\GlowMerge.frag">
      <Filter>Shaders</Filter>
    </None>
    <None Include="shaders\WFragmentShader2Pass.glsl">
      <Filter>Shaders</Filter>
    </None>
    <None Include="shaders\WVertexShader2Pass.glsl">
      <Filter>Shaders</Filter>
    </None>
  </ItemGroup>
  <ItemGroup>
    <Text Include="Arbetsuppdelning.txt" />
  </ItemGroup>
  <ItemGroup>
    <Filter Include="Headers">
      <UniqueIdentifier>{eacc170f-2e04-4305-b2bb-67d44a61b59a}</UniqueIdentifier>
      <Extensions>.h</Extensions>
    </Filter>
    <Filter Include="Shaders">
      <UniqueIdentifier>{4677a6ed-4670-43c6-a9b6-fb4cdf5c4309}</UniqueIdentifier>
      <Extensions>.glsl,.frag,.geom,.vert</Extensions>
    </Filter>
    <Filter Include="Sources">
      <UniqueIdentifier>{3ce105be-2dfb-456e-8102-5dc8a595e644}</UniqueIdentifier>
    </Filter>
  </ItemGroup>
</Project>